
Microsoft Visual Studio Solution File, Format Version 12.00
# Visual Studio Version 17
VisualStudioVersion = 17.8.34004.107
MinimumVisualStudioVersion = 10.0.40219.1
Project("{9A19103F-16F7-4668-BE54-9A1E7A4F7556}") = "LibraryApp", "LibraryApp\LibraryApp.csproj", "{189AB849-29A7-40D0-989F-9867FA67DFF3}"
	ProjectSection(ProjectDependencies) = postProject
		{85BE8FEA-B8E0-4992-88AB-D7971C2A74C3} = {85BE8FEA-B8E0-4992-88AB-D7971C2A74C3}
		{E0483385-E243-45A8-B6B5-771B6AA85724} = {E0483385-E243-45A8-B6B5-771B6AA85724}
	EndProjectSection
EndProject
Project("{9A19103F-16F7-4668-BE54-9A1E7A4F7556}") = "Library.DataAccess", "Library.DataAccess\Library.DataAccess.csproj", "{E0483385-E243-45A8-B6B5-771B6AA85724}"
EndProject
Project("{9A19103F-16F7-4668-BE54-9A1E7A4F7556}") = "Library.Models", "Library.Models\Library.Models.csproj", "{85BE8FEA-B8E0-4992-88AB-D7971C2A74C3}"
EndProject
Project("{9A19103F-16F7-4668-BE54-9A1E7A4F7556}") = "Library.Utility", "Library.Utility\Library.Utility.csproj", "{13F24D56-B8F2-4078-A408-2C7F44951FE2}"
EndProject
Project("{FAE04EC0-301F-11D3-BF4B-00C04F79EFBC}") = "Library.BusinessLogic", "Library.BusinessLogic\Library.BusinessLogic.csproj", "{639DDC06-757C-4037-B1B6-B9C858FA332E}"
EndProject
Global
	GlobalSection(SolutionConfigurationPlatforms) = preSolution
		Debug|Any CPU = Debug|Any CPU
		Release|Any CPU = Release|Any CPU
	EndGlobalSection
	GlobalSection(ProjectConfigurationPlatforms) = postSolution
		{189AB849-29A7-40D0-989F-9867FA67DFF3}.Debug|Any CPU.ActiveCfg = Debug|Any CPU
		{189AB849-29A7-40D0-989F-9867FA67DFF3}.Debug|Any CPU.Build.0 = Debug|Any CPU
		{189AB849-29A7-40D0-989F-9867FA67DFF3}.Release|Any CPU.ActiveCfg = Release|Any CPU
		{189AB849-29A7-40D0-989F-9867FA67DFF3}.Release|Any CPU.Build.0 = Release|Any CPU
		{E0483385-E243-45A8-B6B5-771B6AA85724}.Debug|Any CPU.ActiveCfg = Debug|Any CPU
		{E0483385-E243-45A8-B6B5-771B6AA85724}.Debug|Any CPU.Build.0 = Debug|Any CPU
		{E0483385-E243-45A8-B6B5-771B6AA85724}.Release|Any CPU.ActiveCfg = Release|Any CPU
		{E0483385-E243-45A8-B6B5-771B6AA85724}.Release|Any CPU.Build.0 = Release|Any CPU
		{85BE8FEA-B8E0-4992-88AB-D7971C2A74C3}.Debug|Any CPU.ActiveCfg = Debug|Any CPU
		{85BE8FEA-B8E0-4992-88AB-D7971C2A74C3}.Debug|Any CPU.Build.0 = Debug|Any CPU
		{85BE8FEA-B8E0-4992-88AB-D7971C2A74C3}.Release|Any CPU.ActiveCfg = Release|Any CPU
		{85BE8FEA-B8E0-4992-88AB-D7971C2A74C3}.Release|Any CPU.Build.0 = Release|Any CPU
		{13F24D56-B8F2-4078-A408-2C7F44951FE2}.Debug|Any CPU.ActiveCfg = Debug|Any CPU
		{13F24D56-B8F2-4078-A408-2C7F44951FE2}.Debug|Any CPU.Build.0 = Debug|Any CPU
		{13F24D56-B8F2-4078-A408-2C7F44951FE2}.Release|Any CPU.ActiveCfg = Release|Any CPU
		{13F24D56-B8F2-4078-A408-2C7F44951FE2}.Release|Any CPU.Build.0 = Release|Any CPU
		{639DDC06-757C-4037-B1B6-B9C858FA332E}.Debug|Any CPU.ActiveCfg = Debug|Any CPU
		{639DDC06-757C-4037-B1B6-B9C858FA332E}.Debug|Any CPU.Build.0 = Debug|Any CPU
		{639DDC06-757C-4037-B1B6-B9C858FA332E}.Release|Any CPU.ActiveCfg = Release|Any CPU
		{639DDC06-757C-4037-B1B6-B9C858FA332E}.Release|Any CPU.Build.0 = Release|Any CPU
	EndGlobalSection
	GlobalSection(SolutionProperties) = preSolution
		HideSolutionNode = FALSE
	EndGlobalSection
	GlobalSection(ExtensibilityGlobals) = postSolution
		SolutionGuid = {58EE2522-65B3-43AB-916D-15961C2278D3}
	EndGlobalSection
EndGlobal
